<?xml version="1.0" encoding="utf-8"?>
<Project ToolsVersion="4.0" xmlns="http://schemas.microsoft.com/developer/msbuild/2003">
  <ItemGroup>
    <Filter Include="Source Files">
      <UniqueIdentifier>{4FC737F1-C7A5-4376-A066-2A32D752A2FF}</UniqueIdentifier>
      <Extensions>cpp;c;cc;cxx;def;odl;idl;hpj;bat;asm;asmx</Extensions>
    </Filter>
    <Filter Include="Header Files">
      <UniqueIdentifier>{93995380-89BD-4b04-88EB-625FBE52EBFB}</UniqueIdentifier>
      <Extensions>h;hh;hpp;hxx;hm;inl;inc;xsd</Extensions>
    </Filter>
    <Filter Include="Resource Files">
      <UniqueIdentifier>{67DA6AB6-F800-4c08-8B7A-83BB121AAD01}</UniqueIdentifier>
      <Extensions>rc;ico;cur;bmp;dlg;rc2;rct;bin;rgs;gif;jpg;jpeg;jpe;resx;tiff;tif;png;wav;mfcribbon-ms</Extensions>
    </Filter>
    <Filter Include="GameStates">
      <UniqueIdentifier>{713fbc26-2e71-468e-b239-c4556f776261}</UniqueIdentifier>
    </Filter>
    <Filter Include="GameStates\Splash Screen">
      <UniqueIdentifier>{94a105e9-f293-4ea8-a949-b34a323e1b4f}</UniqueIdentifier>
    </Filter>
    <Filter Include="GameStates\Diffculty Select">
      <UniqueIdentifier>{0ee4d955-ba8b-4757-bda4-a14595779a48}</UniqueIdentifier>
    </Filter>
    <Filter Include="GameStates\Game">
      <UniqueIdentifier>{a2f405ad-96df-4c3f-ab40-aa119eeaf7b6}</UniqueIdentifier>
    </Filter>
    <Filter Include="GameStates\Game Over">
      <UniqueIdentifier>{97fb96ac-9edf-44c8-b30f-7871732aef22}</UniqueIdentifier>
    </Filter>
  </ItemGroup>
  <ItemGroup>
    <Text Include="ReadMe.txt" />
  </ItemGroup>
  <ItemGroup>
    <ClInclude Include="stdafx.h">
      <Filter>Header Files</Filter>
    </ClInclude>
    <ClInclude Include="targetver.h">
      <Filter>Header Files</Filter>
    </ClInclude>
    <ClInclude Include="Splash.h">
      <Filter>GameStates\Splash Screen</Filter>
    </ClInclude>
    <ClInclude Include="DiffcultySelect.h">
      <Filter>GameStates\Diffculty Select</Filter>
    </ClInclude>
    <ClInclude Include="Game.h">
      <Filter>GameStates\Game</Filter>
    </ClInclude>
    <ClInclude Include="GameOverScreen.h">
      <Filter>GameStates\Game Over</Filter>
    </ClInclude>
    <ClInclude Include="GameState.h">
      <Filter>Header Files</Filter>
    </ClInclude>
    <ClInclude Include="GameStateManager.h">
      <Filter>Header Files</Filter>
    </ClInclude>
  </ItemGroup>
  <ItemGroup>
    <ClCompile Include="stdafx.cpp">
      <Filter>Source Files</Filter>
    </ClCompile>
    <ClCompile Include="NumberType.cpp">
      <Filter>Source Files</Filter>
    </ClCompile>
    <ClCompile Include="Splash.cpp">
      <Filter>GameStates\Splash Screen</Filter>
    </ClCompile>
    <ClCompile Include="DiffcultySelect.cpp">
      <Filter>GameStates\Diffculty Select</Filter>
    </ClCompile>
    <ClCompile Include="Game.cpp">
      <Filter>GameStates\Game</Filter>
    </ClCompile>
    <ClCompile Include="GameOverScreen.cpp">
      <Filter>GameStates\Game Over</Filter>
    </ClCompile>
    <ClCompile Include="GameStateManager.cpp">
      <Filter>Source Files</Filter>
    </ClCompile>
  </ItemGroup>
</Project>